
Microsoft Visual Studio Solution File, Format Version 12.00
# Visual Studio Version 17
VisualStudioVersion = 17.0.31912.275
MinimumVisualStudioVersion = 10.0.40219.1
Project("{FAE04EC0-301F-11D3-BF4B-00C04F79EFBC}") = "task_5", "task_5.csproj", "{A0221A5C-AEFC-4584-B358-9EE9C71BE948}"
EndProject
Global
	GlobalSection(SolutionConfigurationPlatforms) = preSolution
		Debug|Any CPU = Debug|Any CPU
		Release|Any CPU = Release|Any CPU
	EndGlobalSection
	GlobalSection(ProjectConfigurationPlatforms) = postSolution
		{A0221A5C-AEFC-4584-B358-9EE9C71BE948}.Debug|Any CPU.ActiveCfg = Debug|Any CPU
		{A0221A5C-AEFC-4584-B358-9EE9C71BE948}.Debug|Any CPU.Build.0 = Debug|Any CPU
		{A0221A5C-AEFC-4584-B358-9EE9C71BE948}.Release|Any CPU.ActiveCfg = Release|Any CPU
		{A0221A5C-AEFC-4584-B358-9EE9C71BE948}.Release|Any CPU.Build.0 = Release|Any CPU
	EndGlobalSection
	GlobalSection(SolutionProperties) = preSolution
		HideSolutionNode = FALSE
	EndGlobalSection
	GlobalSection(ExtensibilityGlobals) = postSolution
		SolutionGuid = {E4EAACFD-86F0-4A8B-A32A-53569B5E2D9D}
	EndGlobalSection
EndGlobal
