
Microsoft Visual Studio Solution File, Format Version 12.00
# Visual Studio Version 17
VisualStudioVersion = 17.0.31912.275
MinimumVisualStudioVersion = 10.0.40219.1
Project("{FAE04EC0-301F-11D3-BF4B-00C04F79EFBC}") = "task_1", "task_1.csproj", "{7FCBDC72-EEB1-4677-8639-6FFF54AAC64C}"
EndProject
Global
	GlobalSection(SolutionConfigurationPlatforms) = preSolution
		Debug|Any CPU = Debug|Any CPU
		Release|Any CPU = Release|Any CPU
	EndGlobalSection
	GlobalSection(ProjectConfigurationPlatforms) = postSolution
		{7FCBDC72-EEB1-4677-8639-6FFF54AAC64C}.Debug|Any CPU.ActiveCfg = Debug|Any CPU
		{7FCBDC72-EEB1-4677-8639-6FFF54AAC64C}.Debug|Any CPU.Build.0 = Debug|Any CPU
		{7FCBDC72-EEB1-4677-8639-6FFF54AAC64C}.Release|Any CPU.ActiveCfg = Release|Any CPU
		{7FCBDC72-EEB1-4677-8639-6FFF54AAC64C}.Release|Any CPU.Build.0 = Release|Any CPU
	EndGlobalSection
	GlobalSection(SolutionProperties) = preSolution
		HideSolutionNode = FALSE
	EndGlobalSection
	GlobalSection(ExtensibilityGlobals) = postSolution
		SolutionGuid = {6D2271A6-32C7-4552-AA97-7513639E1C02}
	EndGlobalSection
EndGlobal
