
Microsoft Visual Studio Solution File, Format Version 12.00
# Visual Studio Version 17
VisualStudioVersion = 17.0.31912.275
MinimumVisualStudioVersion = 10.0.40219.1
Project("{FAE04EC0-301F-11D3-BF4B-00C04F79EFBC}") = "task_3", "task_3.csproj", "{339D1A73-03C4-4105-9B5E-EB8BF06C7C95}"
EndProject
Global
	GlobalSection(SolutionConfigurationPlatforms) = preSolution
		Debug|Any CPU = Debug|Any CPU
		Release|Any CPU = Release|Any CPU
	EndGlobalSection
	GlobalSection(ProjectConfigurationPlatforms) = postSolution
		{339D1A73-03C4-4105-9B5E-EB8BF06C7C95}.Debug|Any CPU.ActiveCfg = Debug|Any CPU
		{339D1A73-03C4-4105-9B5E-EB8BF06C7C95}.Debug|Any CPU.Build.0 = Debug|Any CPU
		{339D1A73-03C4-4105-9B5E-EB8BF06C7C95}.Release|Any CPU.ActiveCfg = Release|Any CPU
		{339D1A73-03C4-4105-9B5E-EB8BF06C7C95}.Release|Any CPU.Build.0 = Release|Any CPU
	EndGlobalSection
	GlobalSection(SolutionProperties) = preSolution
		HideSolutionNode = FALSE
	EndGlobalSection
	GlobalSection(ExtensibilityGlobals) = postSolution
		SolutionGuid = {D18806A2-0E81-4715-BDAD-4F181BB48657}
	EndGlobalSection
EndGlobal
