
Microsoft Visual Studio Solution File, Format Version 12.00
# Visual Studio Version 17
VisualStudioVersion = 17.0.31912.275
MinimumVisualStudioVersion = 10.0.40219.1
Project("{FAE04EC0-301F-11D3-BF4B-00C04F79EFBC}") = "task_4", "task_4.csproj", "{FFA48636-571E-438A-AC56-AB6DE26A7FB9}"
EndProject
Global
	GlobalSection(SolutionConfigurationPlatforms) = preSolution
		Debug|Any CPU = Debug|Any CPU
		Release|Any CPU = Release|Any CPU
	EndGlobalSection
	GlobalSection(ProjectConfigurationPlatforms) = postSolution
		{FFA48636-571E-438A-AC56-AB6DE26A7FB9}.Debug|Any CPU.ActiveCfg = Debug|Any CPU
		{FFA48636-571E-438A-AC56-AB6DE26A7FB9}.Debug|Any CPU.Build.0 = Debug|Any CPU
		{FFA48636-571E-438A-AC56-AB6DE26A7FB9}.Release|Any CPU.ActiveCfg = Release|Any CPU
		{FFA48636-571E-438A-AC56-AB6DE26A7FB9}.Release|Any CPU.Build.0 = Release|Any CPU
	EndGlobalSection
	GlobalSection(SolutionProperties) = preSolution
		HideSolutionNode = FALSE
	EndGlobalSection
	GlobalSection(ExtensibilityGlobals) = postSolution
		SolutionGuid = {173216AE-F675-4118-BCA3-1442C82C088C}
	EndGlobalSection
EndGlobal
